
Microsoft Visual Studio Solution File, Format Version 12.00
# Visual Studio 2012
Project("{FAE04EC0-301F-11D3-BF4B-00C04F79EFBC}") = "Chat", "..\Assignment_1\ClassLibrary\Chat.csproj", "{57FDCBFC-42B0-4D67-B7B6-5D07E508149D}"
EndProject
Project("{FAE04EC0-301F-11D3-BF4B-00C04F79EFBC}") = "Interfaces", "Interfaces\Interfaces.csproj", "{93419CD8-0D55-470A-9DD4-4C0F59DA1BC7}"
EndProject
Project("{FAE04EC0-301F-11D3-BF4B-00C04F79EFBC}") = "WindowsForm", "WindowsForm\WindowsForm.csproj", "{ACA88C04-B8AC-4850-8065-06E3A01AF4F5}"
EndProject
Project("{FAE04EC0-301F-11D3-BF4B-00C04F79EFBC}") = "Logger", "Loggers\Logger.csproj", "{399083BC-9D60-4E5C-84CF-35AA3B825ED9}"
EndProject
Global
	GlobalSection(TeamFoundationVersionControl) = preSolution
		SccNumberOfProjects = 5
		SccEnterpriseProvider = {4CA58AB2-18FA-4F8D-95D4-32DDF27D184C}
		SccTeamFoundationServer = https://raywinkelman.visualstudio.com/defaultcollection
		SccProjectUniqueName0 = ..\\Assignment_1\\ClassLibrary\\Chat.csproj
		SccProjectName0 = ../Assignment_1/ClassLibrary
		SccLocalPath0 = ..\\Assignment_1\\ClassLibrary
		SccProjectUniqueName1 = Interfaces\\Interfaces.csproj
		SccProjectName1 = Interfaces
		SccLocalPath1 = Interfaces
		SccProjectUniqueName2 = WindowsForm\\WindowsForm.csproj
		SccProjectName2 = WindowsForm
		SccLocalPath2 = WindowsForm
		SccProjectUniqueName3 = Loggers\\Logger.csproj
		SccProjectName3 = Loggers
		SccLocalPath3 = Loggers
		SccLocalPath4 = .
	EndGlobalSection
	GlobalSection(SolutionConfigurationPlatforms) = preSolution
		Debug|Any CPU = Debug|Any CPU
		Release|Any CPU = Release|Any CPU
	EndGlobalSection
	GlobalSection(ProjectConfigurationPlatforms) = postSolution
		{57FDCBFC-42B0-4D67-B7B6-5D07E508149D}.Debug|Any CPU.ActiveCfg = Debug|Any CPU
		{57FDCBFC-42B0-4D67-B7B6-5D07E508149D}.Debug|Any CPU.Build.0 = Debug|Any CPU
		{57FDCBFC-42B0-4D67-B7B6-5D07E508149D}.Release|Any CPU.ActiveCfg = Release|Any CPU
		{57FDCBFC-42B0-4D67-B7B6-5D07E508149D}.Release|Any CPU.Build.0 = Release|Any CPU
		{93419CD8-0D55-470A-9DD4-4C0F59DA1BC7}.Debug|Any CPU.ActiveCfg = Debug|Any CPU
		{93419CD8-0D55-470A-9DD4-4C0F59DA1BC7}.Debug|Any CPU.Build.0 = Debug|Any CPU
		{93419CD8-0D55-470A-9DD4-4C0F59DA1BC7}.Release|Any CPU.ActiveCfg = Release|Any CPU
		{93419CD8-0D55-470A-9DD4-4C0F59DA1BC7}.Release|Any CPU.Build.0 = Release|Any CPU
		{ACA88C04-B8AC-4850-8065-06E3A01AF4F5}.Debug|Any CPU.ActiveCfg = Debug|Any CPU
		{ACA88C04-B8AC-4850-8065-06E3A01AF4F5}.Debug|Any CPU.Build.0 = Debug|Any CPU
		{ACA88C04-B8AC-4850-8065-06E3A01AF4F5}.Release|Any CPU.ActiveCfg = Release|Any CPU
		{ACA88C04-B8AC-4850-8065-06E3A01AF4F5}.Release|Any CPU.Build.0 = Release|Any CPU
		{399083BC-9D60-4E5C-84CF-35AA3B825ED9}.Debug|Any CPU.ActiveCfg = Debug|Any CPU
		{399083BC-9D60-4E5C-84CF-35AA3B825ED9}.Debug|Any CPU.Build.0 = Debug|Any CPU
		{399083BC-9D60-4E5C-84CF-35AA3B825ED9}.Release|Any CPU.ActiveCfg = Release|Any CPU
		{399083BC-9D60-4E5C-84CF-35AA3B825ED9}.Release|Any CPU.Build.0 = Release|Any CPU
	EndGlobalSection
	GlobalSection(SolutionProperties) = preSolution
		HideSolutionNode = FALSE
	EndGlobalSection
EndGlobal
